// !$*UTF8*$!
{
	archiveVersion = 1;
	classes = {
	};
	objectVersion = 77;
	objects = {

/* Begin PBXBuildFile section */
		4602026A2F2814260040B043 /* AppKit.framework in Frameworks */ = {isa = PBXBuildFile; fileRef = 460202602F2814260040B043 /* AppKit.framework */; };
		4602026B2F2814260040B043 /* Foundation.framework in Frameworks */ = {isa = PBXBuildFile; fileRef = 460202612F2814260040B043 /* Foundation.framework */; };
		4602026C2F2814260040B043 /* CoreGraphics.framework in Frameworks */ = {isa = PBXBuildFile; fileRef = 460202622F2814260040B043 /* CoreGraphics.framework */; };
		4602026D2F2814260040B043 /* Cocoa.framework in Frameworks */ = {isa = PBXBuildFile; fileRef = 460202632F2814260040B043 /* Cocoa.framework */; };
		4602026F2F2814260040B043 /* Carbon.framework in Frameworks */ = {isa = PBXBuildFile; fileRef = 460202652F2814260040B043 /* Carbon.framework */; };
		460202712F2814260040B043 /* ServiceManagement.framework in Frameworks */ = {isa = PBXBuildFile; fileRef = 460202672F2814260040B043 /* ServiceManagement.framework */; };
		460202732F2814260040B043 /* Sparkle in Frameworks */ = {isa = PBXBuildFile; productRef = 460202742F2814260040B043 /* Sparkle */; };
		46020A082F3000000040B043 /* XCTest.framework in Frameworks */ = {isa = PBXBuildFile; fileRef = 46020A072F3000000040B043 /* XCTest.framework */; };
		46A9C5F42F4AF9D70048BCED /* PHTV.icon in Resources */ = {isa = PBXBuildFile; fileRef = 46A9C5F32F4AF9D70048BCED /* PHTV.icon */; };
		46B100042F5000000040B043 /* InputMethodKit.framework in Frameworks */ = {isa = PBXBuildFile; fileRef = 46B100032F5000000040B043 /* InputMethodKit.framework */; };
/* End PBXBuildFile section */

/* Begin PBXContainerItemProxy section */
		46020A0B2F3000000040B043 /* PBXContainerItemProxy */ = {
			isa = PBXContainerItemProxy;
			containerPortal = 4602023B2F2814250040B043 /* Project object */;
			proxyType = 1;
			remoteGlobalIDString = 460202422F2814250040B043;
			remoteInfo = PHTV;
		};
/* End PBXContainerItemProxy section */

/* Begin PBXFileReference section */
		460202432F2814250040B043 /* PHTV.app */ = {isa = PBXFileReference; explicitFileType = wrapper.application; includeInIndex = 0; path = PHTV.app; sourceTree = BUILT_PRODUCTS_DIR; };
		460202602F2814260040B043 /* AppKit.framework */ = {isa = PBXFileReference; lastKnownFileType = wrapper.framework; name = AppKit.framework; path = System/Library/Frameworks/AppKit.framework; sourceTree = SDKROOT; };
		460202612F2814260040B043 /* Foundation.framework */ = {isa = PBXFileReference; lastKnownFileType = wrapper.framework; name = Foundation.framework; path = System/Library/Frameworks/Foundation.framework; sourceTree = SDKROOT; };
		460202622F2814260040B043 /* CoreGraphics.framework */ = {isa = PBXFileReference; lastKnownFileType = wrapper.framework; name = CoreGraphics.framework; path = System/Library/Frameworks/CoreGraphics.framework; sourceTree = SDKROOT; };
		460202632F2814260040B043 /* Cocoa.framework */ = {isa = PBXFileReference; lastKnownFileType = wrapper.framework; name = Cocoa.framework; path = System/Library/Frameworks/Cocoa.framework; sourceTree = SDKROOT; };
		460202652F2814260040B043 /* Carbon.framework */ = {isa = PBXFileReference; lastKnownFileType = wrapper.framework; name = Carbon.framework; path = System/Library/Frameworks/Carbon.framework; sourceTree = SDKROOT; };
		460202672F2814260040B043 /* ServiceManagement.framework */ = {isa = PBXFileReference; lastKnownFileType = wrapper.framework; name = ServiceManagement.framework; path = System/Library/Frameworks/ServiceManagement.framework; sourceTree = SDKROOT; };
		46020A012F3000000040B043 /* PHEngineTests.xctest */ = {isa = PBXFileReference; explicitFileType = wrapper.cfbundle; includeInIndex = 0; path = PHEngineTests.xctest; sourceTree = BUILT_PRODUCTS_DIR; };
		46020A072F3000000040B043 /* XCTest.framework */ = {isa = PBXFileReference; lastKnownFileType = wrapper.framework; name = XCTest.framework; path = Platforms/MacOSX.platform/Developer/Library/Frameworks/XCTest.framework; sourceTree = DEVELOPER_DIR; };
		46A9C5F32F4AF9D70048BCED /* PHTV.icon */ = {isa = PBXFileReference; lastKnownFileType = folder.iconcomposer.icon; path = PHTV.icon; sourceTree = "<group>"; };
		46B100012F5000000040B043 /* PHTVInputMethod.app */ = {isa = PBXFileReference; explicitFileType = wrapper.application; includeInIndex = 0; path = PHTVInputMethod.app; sourceTree = BUILT_PRODUCTS_DIR; };
		46B100032F5000000040B043 /* InputMethodKit.framework */ = {isa = PBXFileReference; lastKnownFileType = wrapper.framework; name = InputMethodKit.framework; path = System/Library/Frameworks/InputMethodKit.framework; sourceTree = SDKROOT; };
/* End PBXFileReference section */

/* Begin PBXFileSystemSynchronizedBuildFileExceptionSet section */
		460202802F2814260040B043 /* Exceptions for "PHTV" folder in "PHTV" target */ = {
			isa = PBXFileSystemSynchronizedBuildFileExceptionSet;
			membershipExceptions = (
				Info.plist,
			);
			target = 460202422F2814250040B043 /* PHTV */;
		};
		46B1000C2F5000000040B043 /* Exceptions for "PHTVInputMethod" folder in "PHTVInputMethod" target */ = {
			isa = PBXFileSystemSynchronizedBuildFileExceptionSet;
			membershipExceptions = (
				Info.plist,
				PHTVInputMethod.entitlements,
				PHTVInputMethodRelease.entitlements,
			);
			target = 46B100082F5000000040B043 /* PHTVInputMethod */;
		};
/* End PBXFileSystemSynchronizedBuildFileExceptionSet section */

/* Begin PBXFileSystemSynchronizedRootGroup section */
		460202452F2814250040B043 /* PHTV */ = {
			isa = PBXFileSystemSynchronizedRootGroup;
			exceptions = (
				460202802F2814260040B043 /* Exceptions for "PHTV" folder in "PHTV" target */,
			);
			path = PHTV;
			sourceTree = "<group>";
		};
		46020A022F3000000040B043 /* Tests */ = {
			isa = PBXFileSystemSynchronizedRootGroup;
			path = Tests;
			sourceTree = "<group>";
		};
		46B100022F5000000040B043 /* PHTVInputMethod */ = {
			isa = PBXFileSystemSynchronizedRootGroup;
			exceptions = (
				46B1000C2F5000000040B043 /* Exceptions for "PHTVInputMethod" folder in "PHTVInputMethod" target */,
			);
			path = PHTVInputMethod;
			sourceTree = "<group>";
		};
/* End PBXFileSystemSynchronizedRootGroup section */

/* Begin PBXFrameworksBuildPhase section */
		460202402F2814250040B043 /* Frameworks */ = {
			isa = PBXFrameworksBuildPhase;
			buildActionMask = 2147483647;
			files = (
				460202732F2814260040B043 /* Sparkle in Frameworks */,
				4602026F2F2814260040B043 /* Carbon.framework in Frameworks */,
				4602026A2F2814260040B043 /* AppKit.framework in Frameworks */,
				460202712F2814260040B043 /* ServiceManagement.framework in Frameworks */,
				4602026C2F2814260040B043 /* CoreGraphics.framework in Frameworks */,
				4602026D2F2814260040B043 /* Cocoa.framework in Frameworks */,
				4602026B2F2814260040B043 /* Foundation.framework in Frameworks */,
			);
			runOnlyForDeploymentPostprocessing = 0;
		};
		46020A052F3000000040B043 /* Frameworks */ = {
			isa = PBXFrameworksBuildPhase;
			buildActionMask = 2147483647;
			files = (
				46020A082F3000000040B043 /* XCTest.framework in Frameworks */,
			);
			runOnlyForDeploymentPostprocessing = 0;
		};
		46B100052F5000000040B043 /* Frameworks */ = {
			isa = PBXFrameworksBuildPhase;
			buildActionMask = 2147483647;
			files = (
				46B100042F5000000040B043 /* InputMethodKit.framework in Frameworks */,
			);
			runOnlyForDeploymentPostprocessing = 0;
		};
/* End PBXFrameworksBuildPhase section */

/* Begin PBXGroup section */
		4602023A2F2814250040B043 = {
			isa = PBXGroup;
			children = (
				46A9C5F32F4AF9D70048BCED /* PHTV.icon */,
				460202452F2814250040B043 /* PHTV */,
				46B100022F5000000040B043 /* PHTVInputMethod */,
				46020A022F3000000040B043 /* Tests */,
				460202692F2814260040B043 /* Frameworks */,
				460202442F2814250040B043 /* Products */,
			);
			sourceTree = "<group>";
		};
		460202442F2814250040B043 /* Products */ = {
			isa = PBXGroup;
			children = (
				460202432F2814250040B043 /* PHTV.app */,
				46B100012F5000000040B043 /* PHTVInputMethod.app */,
				46020A012F3000000040B043 /* PHEngineTests.xctest */,
			);
			name = Products;
			sourceTree = "<group>";
		};
		460202692F2814260040B043 /* Frameworks */ = {
			isa = PBXGroup;
			children = (
				460202602F2814260040B043 /* AppKit.framework */,
				460202652F2814260040B043 /* Carbon.framework */,
				460202632F2814260040B043 /* Cocoa.framework */,
				460202622F2814260040B043 /* CoreGraphics.framework */,
				460202612F2814260040B043 /* Foundation.framework */,
				46B100032F5000000040B043 /* InputMethodKit.framework */,
				460202672F2814260040B043 /* ServiceManagement.framework */,
				46020A072F3000000040B043 /* XCTest.framework */,
			);
			name = Frameworks;
			sourceTree = "<group>";
		};
/* End PBXGroup section */

/* Begin PBXNativeTarget section */
		460202422F2814250040B043 /* PHTV */ = {
			isa = PBXNativeTarget;
			buildConfigurationList = 4602024E2F2814260040B043 /* Build configuration list for PBXNativeTarget "PHTV" */;
			buildPhases = (
				4602023F2F2814250040B043 /* Sources */,
				460202402F2814250040B043 /* Frameworks */,
				460202412F2814250040B043 /* Resources */,
			);
			buildRules = (
			);
			dependencies = (
			);
			fileSystemSynchronizedGroups = (
				460202452F2814250040B043 /* PHTV */,
			);
			name = PHTV;
			packageProductDependencies = (
				460202742F2814260040B043 /* Sparkle */,
			);
			productName = PHTV;
			productReference = 460202432F2814250040B043 /* PHTV.app */;
			productType = "com.apple.product-type.application";
		};
		46020A032F3000000040B043 /* PHEngineTests */ = {
			isa = PBXNativeTarget;
			buildConfigurationList = 46020A0E2F3000000040B043 /* Build configuration list for PBXNativeTarget "PHEngineTests" */;
			buildPhases = (
				46020A042F3000000040B043 /* Sources */,
				46020A052F3000000040B043 /* Frameworks */,
				46020A062F3000000040B043 /* Resources */,
			);
			buildRules = (
			);
			dependencies = (
				46020A0A2F3000000040B043 /* PBXTargetDependency */,
			);
			fileSystemSynchronizedGroups = (
				46020A022F3000000040B043 /* Tests */,
			);
			name = PHEngineTests;
			productName = PHEngineTests;
			productReference = 46020A012F3000000040B043 /* PHEngineTests.xctest */;
			productType = "com.apple.product-type.bundle.unit-test";
		};
		46B100082F5000000040B043 /* PHTVInputMethod */ = {
			isa = PBXNativeTarget;
			buildConfigurationList = 46B1000B2F5000000040B043 /* Build configuration list for PBXNativeTarget "PHTVInputMethod" */;
			buildPhases = (
				46B100062F5000000040B043 /* Sources */,
				46B100052F5000000040B043 /* Frameworks */,
				46B100072F5000000040B043 /* Resources */,
			);
			buildRules = (
			);
			dependencies = (
			);
			fileSystemSynchronizedGroups = (
				46B100022F5000000040B043 /* PHTVInputMethod */,
			);
			name = PHTVInputMethod;
			packageProductDependencies = (
			);
			productName = PHTVInputMethod;
			productReference = 46B100012F5000000040B043 /* PHTVInputMethod.app */;
			productType = "com.apple.product-type.application";
		};
/* End PBXNativeTarget section */

/* Begin PBXProject section */
		4602023B2F2814250040B043 /* Project object */ = {
			isa = PBXProject;
			attributes = {
				BuildIndependentTargetsInParallel = 1;
				LastSwiftUpdateCheck = 2620;
				LastUpgradeCheck = 2620;
				TargetAttributes = {
					460202422F2814250040B043 = {
						CreatedOnToolsVersion = 26.2;
					};
					46020A032F3000000040B043 = {
						CreatedOnToolsVersion = 26.2;
						TestTargetID = 460202422F2814250040B043;
					};
					46B100082F5000000040B043 = {
						CreatedOnToolsVersion = 26.5;
					};
				};
			};
			buildConfigurationList = 4602023E2F2814250040B043 /* Build configuration list for PBXProject "PHTV" */;
			developmentRegion = en;
			hasScannedForEncodings = 0;
			knownRegions = (
				en,
				Base,
				"vi-VN",
				vi,
			);
			mainGroup = 4602023A2F2814250040B043;
			minimizedProjectReferenceProxies = 1;
			packageReferences = (
				460202752F2814260040B043 /* XCRemoteSwiftPackageReference "Sparkle" */,
			);
			preferredProjectObjectVersion = 77;
			productRefGroup = 460202442F2814250040B043 /* Products */;
			projectDirPath = "";
			projectRoot = "";
			targets = (
				460202422F2814250040B043 /* PHTV */,
				46B100082F5000000040B043 /* PHTVInputMethod */,
				46020A032F3000000040B043 /* PHEngineTests */,
			);
		};
/* End PBXProject section */

/* Begin PBXResourcesBuildPhase section */
		460202412F2814250040B043 /* Resources */ = {
			isa = PBXResourcesBuildPhase;
			buildActionMask = 2147483647;
			files = (
				46A9C5F42F4AF9D70048BCED /* PHTV.icon in Resources */,
			);
			runOnlyForDeploymentPostprocessing = 0;
		};
		46020A062F3000000040B043 /* Resources */ = {
			isa = PBXResourcesBuildPhase;
			buildActionMask = 2147483647;
			files = (
			);
			runOnlyForDeploymentPostprocessing = 0;
		};
		46B100072F5000000040B043 /* Resources */ = {
			isa = PBXResourcesBuildPhase;
			buildActionMask = 2147483647;
			files = (
			);
			runOnlyForDeploymentPostprocessing = 0;
		};
/* End PBXResourcesBuildPhase section */

/* Begin PBXSourcesBuildPhase section */
		4602023F2F2814250040B043 /* Sources */ = {
			isa = PBXSourcesBuildPhase;
			buildActionMask = 2147483647;
			files = (
			);
			runOnlyForDeploymentPostprocessing = 0;
		};
		46020A042F3000000040B043 /* Sources */ = {
			isa = PBXSourcesBuildPhase;
			buildActionMask = 2147483647;
			files = (
			);
			runOnlyForDeploymentPostprocessing = 0;
		};
		46B100062F5000000040B043 /* Sources */ = {
			isa = PBXSourcesBuildPhase;
			buildActionMask = 2147483647;
			files = (
			);
			runOnlyForDeploymentPostprocessing = 0;
		};
/* End PBXSourcesBuildPhase section */

/* Begin PBXTargetDependency section */
		46020A0A2F3000000040B043 /* PBXTargetDependency */ = {
			isa = PBXTargetDependency;
			target = 460202422F2814250040B043 /* PHTV */;
			targetProxy = 46020A0B2F3000000040B043 /* PBXContainerItemProxy */;
		};
/* End PBXTargetDependency section */

/* Begin XCBuildConfiguration section */
		4602024C2F2814260040B043 /* Debug */ = {
			isa = XCBuildConfiguration;
			buildSettings = {
				ALWAYS_SEARCH_USER_PATHS = NO;
				ASSETCATALOG_COMPILER_GENERATE_SWIFT_ASSET_SYMBOL_EXTENSIONS = YES;
				CLANG_ANALYZER_LOCALIZABILITY_NONLOCALIZED = YES;
				CLANG_ANALYZER_NONNULL = YES;
				CLANG_ANALYZER_NUMBER_OBJECT_CONVERSION = YES_AGGRESSIVE;
				CLANG_CXX_LANGUAGE_STANDARD = "gnu++14";
				CLANG_CXX_LIBRARY = "libc++";
				CLANG_ENABLE_MODULES = YES;
				CLANG_ENABLE_OBJC_ARC = YES;
				CLANG_ENABLE_OBJC_WEAK = YES;
				CLANG_WARN_BLOCK_CAPTURE_AUTORELEASING = YES;
				CLANG_WARN_BOOL_CONVERSION = YES;
				CLANG_WARN_COMMA = YES;
				CLANG_WARN_CONSTANT_CONVERSION = YES;
				CLANG_WARN_DEPRECATED_OBJC_IMPLEMENTATIONS = YES;
				CLANG_WARN_DIRECT_OBJC_ISA_USAGE = YES_ERROR;
				CLANG_WARN_DOCUMENTATION_COMMENTS = YES;
				CLANG_WARN_EMPTY_BODY = YES;
				CLANG_WARN_ENUM_CONVERSION = YES;
				CLANG_WARN_INFINITE_RECURSION = YES;
				CLANG_WARN_INT_CONVERSION = YES;
				CLANG_WARN_NON_LITERAL_NULL_CONVERSION = YES;
				CLANG_WARN_OBJC_IMPLICIT_RETAIN_SELF = YES;
				CLANG_WARN_OBJC_LITERAL_CONVERSION = YES;
				CLANG_WARN_OBJC_ROOT_CLASS = YES_ERROR;
				CLANG_WARN_QUOTED_INCLUDE_IN_FRAMEWORK_HEADER = YES;
				CLANG_WARN_RANGE_LOOP_ANALYSIS = YES;
				CLANG_WARN_STRICT_PROTOTYPES = YES;
				CLANG_WARN_SUSPICIOUS_MOVE = YES;
				CLANG_WARN_UNGUARDED_AVAILABILITY = YES_AGGRESSIVE;
				CLANG_WARN_UNREACHABLE_CODE = YES;
				CLANG_WARN__DUPLICATE_METHOD_MATCH = YES;
				CODE_SIGN_IDENTITY = "-";
				COPY_PHASE_STRIP = NO;
				DEAD_CODE_STRIPPING = YES;
				DEBUG_INFORMATION_FORMAT = dwarf;
				ENABLE_STRICT_OBJC_MSGSEND = YES;
				ENABLE_TESTABILITY = YES;
				ENABLE_USER_SCRIPT_SANDBOXING = YES;
				GCC_C_LANGUAGE_STANDARD = gnu11;
				GCC_DYNAMIC_NO_PIC = NO;
				GCC_NO_COMMON_BLOCKS = YES;
				GCC_OPTIMIZATION_LEVEL = 0;
				GCC_PREPROCESSOR_DEFINITIONS = (
					"DEBUG=1",
					"$(inherited)",
				);
				GCC_WARN_64_TO_32_BIT_CONVERSION = YES;
				GCC_WARN_ABOUT_RETURN_TYPE = YES_ERROR;
				GCC_WARN_UNDECLARED_SELECTOR = YES;
				GCC_WARN_UNINITIALIZED_AUTOS = YES_AGGRESSIVE;
				GCC_WARN_UNUSED_FUNCTION = YES;
				GCC_WARN_UNUSED_VARIABLE = YES;
				LOCALIZATION_PREFERS_STRING_CATALOGS = YES;
				MACOSX_DEPLOYMENT_TARGET = 14.0;
				MTL_ENABLE_DEBUG_INFO = INCLUDE_SOURCE;
				MTL_FAST_MATH = YES;
				ONLY_ACTIVE_ARCH = NO;
				SDKROOT = macosx;
				STRING_CATALOG_GENERATE_SYMBOLS = YES;
				SWIFT_ACTIVE_COMPILATION_CONDITIONS = "DEBUG $(inherited)";
				SWIFT_OPTIMIZATION_LEVEL = "-Onone";
				SWIFT_STRICT_CONCURRENCY = complete;
				SWIFT_VERSION = 6.0;
			};
			name = Debug;
		};
		4602024D2F2814260040B043 /* Release */ = {
			isa = XCBuildConfiguration;
			buildSettings = {
				ALWAYS_SEARCH_USER_PATHS = NO;
				ASSETCATALOG_COMPILER_GENERATE_SWIFT_ASSET_SYMBOL_EXTENSIONS = YES;
				CLANG_ANALYZER_LOCALIZABILITY_NONLOCALIZED = YES;
				CLANG_ANALYZER_NONNULL = YES;
				CLANG_ANALYZER_NUMBER_OBJECT_CONVERSION = YES_AGGRESSIVE;
				CLANG_CXX_LANGUAGE_STANDARD = "gnu++14";
				CLANG_CXX_LIBRARY = "libc++";
				CLANG_ENABLE_MODULES = YES;
				CLANG_ENABLE_OBJC_ARC = YES;
				CLANG_ENABLE_OBJC_WEAK = YES;
				CLANG_WARN_BLOCK_CAPTURE_AUTORELEASING = YES;
				CLANG_WARN_BOOL_CONVERSION = YES;
				CLANG_WARN_COMMA = YES;
				CLANG_WARN_CONSTANT_CONVERSION = YES;
				CLANG_WARN_DEPRECATED_OBJC_IMPLEMENTATIONS = YES;
				CLANG_WARN_DIRECT_OBJC_ISA_USAGE = YES_ERROR;
				CLANG_WARN_DOCUMENTATION_COMMENTS = YES;
				CLANG_WARN_EMPTY_BODY = YES;
				CLANG_WARN_ENUM_CONVERSION = YES;
				CLANG_WARN_INFINITE_RECURSION = YES;
				CLANG_WARN_INT_CONVERSION = YES;
				CLANG_WARN_NON_LITERAL_NULL_CONVERSION = YES;
				CLANG_WARN_OBJC_IMPLICIT_RETAIN_SELF = YES;
				CLANG_WARN_OBJC_LITERAL_CONVERSION = YES;
				CLANG_WARN_OBJC_ROOT_CLASS = YES_ERROR;
				CLANG_WARN_QUOTED_INCLUDE_IN_FRAMEWORK_HEADER = YES;
				CLANG_WARN_RANGE_LOOP_ANALYSIS = YES;
				CLANG_WARN_STRICT_PROTOTYPES = YES;
				CLANG_WARN_SUSPICIOUS_MOVE = YES;
				CLANG_WARN_UNGUARDED_AVAILABILITY = YES_AGGRESSIVE;
				CLANG_WARN_UNREACHABLE_CODE = YES;
				CLANG_WARN__DUPLICATE_METHOD_MATCH = YES;
				CODE_SIGN_IDENTITY = "-";
				COPY_PHASE_STRIP = NO;
				DEAD_CODE_STRIPPING = YES;
				DEBUG_INFORMATION_FORMAT = "dwarf-with-dsym";
				ENABLE_NS_ASSERTIONS = NO;
				ENABLE_STRICT_OBJC_MSGSEND = YES;
				ENABLE_USER_SCRIPT_SANDBOXING = YES;
				GCC_C_LANGUAGE_STANDARD = gnu11;
				GCC_NO_COMMON_BLOCKS = YES;
				GCC_WARN_64_TO_32_BIT_CONVERSION = YES;
				GCC_WARN_ABOUT_RETURN_TYPE = YES_ERROR;
				GCC_WARN_UNDECLARED_SELECTOR = YES;
				GCC_WARN_UNINITIALIZED_AUTOS = YES_AGGRESSIVE;
				GCC_WARN_UNUSED_FUNCTION = YES;
				GCC_WARN_UNUSED_VARIABLE = YES;
				LOCALIZATION_PREFERS_STRING_CATALOGS = YES;
				MACOSX_DEPLOYMENT_TARGET = 14.0;
				MTL_ENABLE_DEBUG_INFO = NO;
				MTL_FAST_MATH = YES;
				ONLY_ACTIVE_ARCH = NO;
				SDKROOT = macosx;
				STRING_CATALOG_GENERATE_SYMBOLS = YES;
				SWIFT_COMPILATION_MODE = wholemodule;
				SWIFT_STRICT_CONCURRENCY = complete;
				SWIFT_VERSION = 6.0;
			};
			name = Release;
		};
		4602024F2F2814260040B043 /* Debug */ = {
			isa = XCBuildConfiguration;
			buildSettings = {
				ASSETCATALOG_COMPILER_APPICON_NAME = PHTV;
				ASSETCATALOG_COMPILER_GLOBAL_ACCENT_COLOR_NAME = AccentColor;
				ASSETCATALOG_COMPILER_INCLUDE_ALL_APPICON_ASSETS = YES;
				AUTOMATION_APPLE_EVENTS = NO;
				CLANG_ENABLE_MODULES = NO;
				CODE_SIGN_ALLOW_ENTITLEMENTS_MODIFICATION = YES;
				CODE_SIGN_ENTITLEMENTS = PHTV/PHTV.entitlements;
				CODE_SIGN_IDENTITY = "-";
				"CODE_SIGN_IDENTITY[sdk=macosx*]" = "Apple Development";
				CODE_SIGN_STYLE = Automatic;
				COMBINE_HIDPI_IMAGES = YES;
				CURRENT_PROJECT_VERSION = 226;
				DEAD_CODE_STRIPPING = YES;
				DEVELOPMENT_TEAM = 95AKA2N383;
				ENABLE_APP_INTENTS_METADATA_GENERATION = NO;
				ENABLE_HARDENED_RUNTIME = YES;
				ENABLE_PREVIEWS = YES;
				ENABLE_RESOURCE_ACCESS_AUDIO_INPUT = NO;
				ENABLE_RESOURCE_ACCESS_CALENDARS = NO;
				ENABLE_RESOURCE_ACCESS_CAMERA = NO;
				ENABLE_RESOURCE_ACCESS_CONTACTS = NO;
				ENABLE_RESOURCE_ACCESS_LOCATION = NO;
				ENABLE_RESOURCE_ACCESS_PHOTO_LIBRARY = NO;
				EXTRACT_APP_INTENTS_METADATA = NO;
				INFOPLIST_FILE = PHTV/Info.plist;
				INFOPLIST_KEY_LSApplicationCategoryType = "public.app-category.utilities";
				LD_RUNPATH_SEARCH_PATHS = (
					"$(inherited)",
					"@executable_path/../Frameworks",
				);
				MACOSX_DEPLOYMENT_TARGET = 14.0;
				MARKETING_VERSION = 2.6.7;
				OTHER_SWIFT_FLAGS = "$(inherited)";
				PRODUCT_BUNDLE_IDENTIFIER = com.phamhungtien.phtv.debug;
				PRODUCT_NAME = "$(TARGET_NAME)";
				PROVISIONING_PROFILE_SPECIFIER = "";
				RUNTIME_EXCEPTION_ALLOW_DYLD_ENVIRONMENT_VARIABLES = NO;
				RUNTIME_EXCEPTION_ALLOW_JIT = NO;
				RUNTIME_EXCEPTION_ALLOW_UNSIGNED_EXECUTABLE_MEMORY = NO;
				RUNTIME_EXCEPTION_DEBUGGING_TOOL = NO;
				RUNTIME_EXCEPTION_DISABLE_EXECUTABLE_PAGE_PROTECTION = NO;
				RUNTIME_EXCEPTION_DISABLE_LIBRARY_VALIDATION = NO;
				STRING_CATALOG_GENERATE_SYMBOLS = YES;
				SWIFT_EMIT_LOC_STRINGS = YES;
			};
			name = Debug;
		};
		460202502F2814260040B043 /* Release */ = {
			isa = XCBuildConfiguration;
			buildSettings = {
				ASSETCATALOG_COMPILER_APPICON_NAME = PHTV;
				ASSETCATALOG_COMPILER_GLOBAL_ACCENT_COLOR_NAME = AccentColor;
				ASSETCATALOG_COMPILER_INCLUDE_ALL_APPICON_ASSETS = YES;
				AUTOMATION_APPLE_EVENTS = NO;
				CLANG_ENABLE_MODULES = NO;
				CODE_SIGN_ALLOW_ENTITLEMENTS_MODIFICATION = YES;
				CODE_SIGN_ENTITLEMENTS = PHTV/PHTV.entitlements;
				CODE_SIGN_IDENTITY = "-";
				"CODE_SIGN_IDENTITY[sdk=macosx*]" = "Apple Development";
				CODE_SIGN_STYLE = Automatic;
				COMBINE_HIDPI_IMAGES = YES;
				CURRENT_PROJECT_VERSION = 226;
				DEAD_CODE_STRIPPING = YES;
				DEVELOPMENT_TEAM = 95AKA2N383;
				ENABLE_APP_INTENTS_METADATA_GENERATION = NO;
				ENABLE_HARDENED_RUNTIME = YES;
				ENABLE_PREVIEWS = YES;
				ENABLE_RESOURCE_ACCESS_AUDIO_INPUT = NO;
				ENABLE_RESOURCE_ACCESS_CALENDARS = NO;
				ENABLE_RESOURCE_ACCESS_CAMERA = NO;
				ENABLE_RESOURCE_ACCESS_CONTACTS = NO;
				ENABLE_RESOURCE_ACCESS_LOCATION = NO;
				ENABLE_RESOURCE_ACCESS_PHOTO_LIBRARY = NO;
				EXTRACT_APP_INTENTS_METADATA = NO;
				INFOPLIST_FILE = PHTV/Info.plist;
				INFOPLIST_KEY_LSApplicationCategoryType = "public.app-category.utilities";
				LD_RUNPATH_SEARCH_PATHS = (
					"$(inherited)",
					"@executable_path/../Frameworks",
				);
				MACOSX_DEPLOYMENT_TARGET = 14.0;
				MARKETING_VERSION = 2.6.7;
				OTHER_SWIFT_FLAGS = "$(inherited)";
				PRODUCT_BUNDLE_IDENTIFIER = com.phamhungtien.phtv;
				PRODUCT_NAME = "$(TARGET_NAME)";
				PROVISIONING_PROFILE_SPECIFIER = "";
				RUNTIME_EXCEPTION_ALLOW_DYLD_ENVIRONMENT_VARIABLES = NO;
				RUNTIME_EXCEPTION_ALLOW_JIT = NO;
				RUNTIME_EXCEPTION_ALLOW_UNSIGNED_EXECUTABLE_MEMORY = NO;
				RUNTIME_EXCEPTION_DEBUGGING_TOOL = NO;
				RUNTIME_EXCEPTION_DISABLE_EXECUTABLE_PAGE_PROTECTION = NO;
				RUNTIME_EXCEPTION_DISABLE_LIBRARY_VALIDATION = NO;
				STRING_CATALOG_GENERATE_SYMBOLS = YES;
				SWIFT_EMIT_LOC_STRINGS = YES;
			};
			name = Release;
		};
		46020A0C2F3000000040B043 /* Debug */ = {
			isa = XCBuildConfiguration;
			buildSettings = {
				BUNDLE_LOADER = "$(TEST_HOST)";
				CODE_SIGN_IDENTITY = "-";
				"CODE_SIGN_IDENTITY[sdk=macosx*]" = "Apple Development";
				CODE_SIGN_STYLE = Automatic;
				DEVELOPMENT_TEAM = 95AKA2N383;
				GENERATE_INFOPLIST_FILE = YES;
				LD_RUNPATH_SEARCH_PATHS = (
					"$(inherited)",
					"@executable_path",
					"@loader_path/../Frameworks",
					"@executable_path/../Frameworks",
				);
				MACOSX_DEPLOYMENT_TARGET = 14.0;
				PRODUCT_BUNDLE_IDENTIFIER = com.phamhungtien.phtv.tests;
				PRODUCT_NAME = "$(TARGET_NAME)";
				SWIFT_STRICT_CONCURRENCY = complete;
				SWIFT_VERSION = 6.0;
				TEST_HOST = "$(BUILT_PRODUCTS_DIR)/PHTVInputMethod.app/Contents/MacOS/PHTVInputMethod";
			};
			name = Debug;
		};
		46020A0D2F3000000040B043 /* Release */ = {
			isa = XCBuildConfiguration;
			buildSettings = {
				BUNDLE_LOADER = "$(TEST_HOST)";
				CODE_SIGN_IDENTITY = "-";
				"CODE_SIGN_IDENTITY[sdk=macosx*]" = "Apple Development";
				CODE_SIGN_STYLE = Automatic;
				DEVELOPMENT_TEAM = 95AKA2N383;
				GENERATE_INFOPLIST_FILE = YES;
				LD_RUNPATH_SEARCH_PATHS = (
					"$(inherited)",
					"@executable_path",
					"@loader_path/../Frameworks",
					"@executable_path/../Frameworks",
				);
				MACOSX_DEPLOYMENT_TARGET = 14.0;
				PRODUCT_BUNDLE_IDENTIFIER = com.phamhungtien.phtv.tests;
				PRODUCT_NAME = "$(TARGET_NAME)";
				SWIFT_STRICT_CONCURRENCY = complete;
				SWIFT_VERSION = 6.0;
				TEST_HOST = "$(BUILT_PRODUCTS_DIR)/PHTVInputMethod.app/Contents/MacOS/PHTVInputMethod";
			};
			name = Release;
		};
		46B100092F5000000040B043 /* Debug */ = {
			isa = XCBuildConfiguration;
			buildSettings = {
				ASSETCATALOG_COMPILER_APPICON_NAME = PHTV;
				ASSETCATALOG_COMPILER_INCLUDE_ALL_APPICON_ASSETS = YES;
				CLANG_ENABLE_MODULES = YES;
				CODE_SIGN_ENTITLEMENTS = PHTVInputMethod/PHTVInputMethod.entitlements;
				CODE_SIGN_IDENTITY = "-";
				"CODE_SIGN_IDENTITY[sdk=macosx*]" = "Apple Development";
				CODE_SIGN_STYLE = Automatic;
				CURRENT_PROJECT_VERSION = 1;
				DEVELOPMENT_TEAM = 95AKA2N383;
				ENABLE_DEBUG_DYLIB = NO;
				ENABLE_APP_SANDBOX = NO;
				EXTRACT_APP_INTENTS_METADATA = NO;
				GENERATE_INFOPLIST_FILE = NO;
				INFOPLIST_FILE = PHTVInputMethod/Info.plist;
				INFOPLIST_KEY_LSApplicationCategoryType = "public.app-category.utilities";
				INSTALL_PATH = "$(LOCAL_LIBRARY_DIR)/Input Methods";
				LD_RUNPATH_SEARCH_PATHS = (
					"$(inherited)",
					"@executable_path/../Frameworks",
					"@loader_path/../Frameworks",
				);
				MACOSX_DEPLOYMENT_TARGET = 14.0;
				MARKETING_VERSION = 0.1.0;
				PRODUCT_BUNDLE_IDENTIFIER = com.phamhungtien.inputmethod.PHTV.Debug;
				PRODUCT_NAME = "$(TARGET_NAME)";
				SKIP_INSTALL = NO;
				SWIFT_STRICT_CONCURRENCY = complete;
				SWIFT_VERSION = 6.0;
				WRAPPER_EXTENSION = app;
			};
			name = Debug;
		};
		46B1000A2F5000000040B043 /* Release */ = {
			isa = XCBuildConfiguration;
			buildSettings = {
				ASSETCATALOG_COMPILER_APPICON_NAME = PHTV;
				ASSETCATALOG_COMPILER_INCLUDE_ALL_APPICON_ASSETS = YES;
				CLANG_ENABLE_MODULES = YES;
				CODE_SIGN_ENTITLEMENTS = PHTVInputMethod/PHTVInputMethodRelease.entitlements;
				CODE_SIGN_IDENTITY = "-";
				"CODE_SIGN_IDENTITY[sdk=macosx*]" = "Apple Development";
				CODE_SIGN_STYLE = Automatic;
				CURRENT_PROJECT_VERSION = 1;
				DEVELOPMENT_TEAM = 95AKA2N383;
				ENABLE_DEBUG_DYLIB = NO;
				ENABLE_APP_SANDBOX = NO;
				EXTRACT_APP_INTENTS_METADATA = NO;
				GENERATE_INFOPLIST_FILE = NO;
				INFOPLIST_FILE = PHTVInputMethod/Info.plist;
				INFOPLIST_KEY_LSApplicationCategoryType = "public.app-category.utilities";
				INSTALL_PATH = "$(LOCAL_LIBRARY_DIR)/Input Methods";
				LD_RUNPATH_SEARCH_PATHS = (
					"$(inherited)",
					"@executable_path/../Frameworks",
					"@loader_path/../Frameworks",
				);
				MACOSX_DEPLOYMENT_TARGET = 14.0;
				MARKETING_VERSION = 0.1.0;
				PRODUCT_BUNDLE_IDENTIFIER = com.phamhungtien.inputmethod.PHTV;
				PRODUCT_NAME = "$(TARGET_NAME)";
				SKIP_INSTALL = NO;
				SWIFT_STRICT_CONCURRENCY = complete;
				SWIFT_VERSION = 6.0;
				WRAPPER_EXTENSION = app;
			};
			name = Release;
		};
/* End XCBuildConfiguration section */

/* Begin XCConfigurationList section */
		4602023E2F2814250040B043 /* Build configuration list for PBXProject "PHTV" */ = {
			isa = XCConfigurationList;
			buildConfigurations = (
				4602024C2F2814260040B043 /* Debug */,
				4602024D2F2814260040B043 /* Release */,
			);
			defaultConfigurationIsVisible = 0;
			defaultConfigurationName = Release;
		};
		4602024E2F2814260040B043 /* Build configuration list for PBXNativeTarget "PHTV" */ = {
			isa = XCConfigurationList;
			buildConfigurations = (
				4602024F2F2814260040B043 /* Debug */,
				460202502F2814260040B043 /* Release */,
			);
			defaultConfigurationIsVisible = 0;
			defaultConfigurationName = Release;
		};
		46020A0E2F3000000040B043 /* Build configuration list for PBXNativeTarget "PHEngineTests" */ = {
			isa = XCConfigurationList;
			buildConfigurations = (
				46020A0C2F3000000040B043 /* Debug */,
				46020A0D2F3000000040B043 /* Release */,
			);
			defaultConfigurationIsVisible = 0;
			defaultConfigurationName = Release;
		};
		46B1000B2F5000000040B043 /* Build configuration list for PBXNativeTarget "PHTVInputMethod" */ = {
			isa = XCConfigurationList;
			buildConfigurations = (
				46B100092F5000000040B043 /* Debug */,
				46B1000A2F5000000040B043 /* Release */,
			);
			defaultConfigurationIsVisible = 0;
			defaultConfigurationName = Release;
		};
/* End XCConfigurationList section */

/* Begin XCRemoteSwiftPackageReference section */
		460202752F2814260040B043 /* XCRemoteSwiftPackageReference "Sparkle" */ = {
			isa = XCRemoteSwiftPackageReference;
			repositoryURL = "https://github.com/sparkle-project/Sparkle";
			requirement = {
				kind = exactVersion;
				version = 2.8.1;
			};
		};
/* End XCRemoteSwiftPackageReference section */

/* Begin XCSwiftPackageProductDependency section */
		460202742F2814260040B043 /* Sparkle */ = {
			isa = XCSwiftPackageProductDependency;
			package = 460202752F2814260040B043 /* XCRemoteSwiftPackageReference "Sparkle" */;
			productName = Sparkle;
		};
/* End XCSwiftPackageProductDependency section */
	};
	rootObject = 4602023B2F2814250040B043 /* Project object */;
}
